
Microsoft Visual Studio Solution File, Format Version 12.00
# Visual Studio 15
VisualStudioVersion = 15.0.26730.12
MinimumVisualStudioVersion = 10.0.40219.1
Project("{9A19103F-16F7-4668-BE54-9A1E7A4F7556}") = "LocationService.Api", "src\LocationService.Api\LocationService.Api.csproj", "{9C85F54E-FFC7-4948-A84F-60CEA0857E69}"
EndProject
Project("{9A19103F-16F7-4668-BE54-9A1E7A4F7556}") = "LocationService.Domain", "src\LocationService.Domain\LocationService.Domain.csproj", "{94CF0502-ACD2-4C6E-9C72-AFD6985C7417}"
EndProject
Project("{9A19103F-16F7-4668-BE54-9A1E7A4F7556}") = "LocationService.Infrastructure", "src\LocationService.Infrastructure\LocationService.Infrastructure.csproj", "{E75BFF9F-8F1B-4016-A9E7-39BBA60416F1}"
EndProject
Project("{2150E333-8FDC-42A3-9474-1A3956D46DE8}") = "src", "src", "{FB0376EA-8385-4736-9659-FCED55A443E9}"
EndProject
Project("{2150E333-8FDC-42A3-9474-1A3956D46DE8}") = "test", "test", "{DF2FC70C-D8CA-4F25-ABC8-48E49C2AF9BF}"
EndProject
Project("{FAE04EC0-301F-11D3-BF4B-00C04F79EFBC}") = "LocationService.IntegrationTest", "test\LocationService.IntegrationTest\LocationService.IntegrationTest.csproj", "{6048B690-0DFB-4F39-8CC2-9485FFE18267}"
EndProject
Global
	GlobalSection(SolutionConfigurationPlatforms) = preSolution
		Debug|Any CPU = Debug|Any CPU
		Release|Any CPU = Release|Any CPU
	EndGlobalSection
	GlobalSection(ProjectConfigurationPlatforms) = postSolution
		{9C85F54E-FFC7-4948-A84F-60CEA0857E69}.Debug|Any CPU.ActiveCfg = Debug|Any CPU
		{9C85F54E-FFC7-4948-A84F-60CEA0857E69}.Debug|Any CPU.Build.0 = Debug|Any CPU
		{9C85F54E-FFC7-4948-A84F-60CEA0857E69}.Release|Any CPU.ActiveCfg = Release|Any CPU
		{9C85F54E-FFC7-4948-A84F-60CEA0857E69}.Release|Any CPU.Build.0 = Release|Any CPU
		{94CF0502-ACD2-4C6E-9C72-AFD6985C7417}.Debug|Any CPU.ActiveCfg = Debug|Any CPU
		{94CF0502-ACD2-4C6E-9C72-AFD6985C7417}.Debug|Any CPU.Build.0 = Debug|Any CPU
		{94CF0502-ACD2-4C6E-9C72-AFD6985C7417}.Release|Any CPU.ActiveCfg = Release|Any CPU
		{94CF0502-ACD2-4C6E-9C72-AFD6985C7417}.Release|Any CPU.Build.0 = Release|Any CPU
		{E75BFF9F-8F1B-4016-A9E7-39BBA60416F1}.Debug|Any CPU.ActiveCfg = Debug|Any CPU
		{E75BFF9F-8F1B-4016-A9E7-39BBA60416F1}.Debug|Any CPU.Build.0 = Debug|Any CPU
		{E75BFF9F-8F1B-4016-A9E7-39BBA60416F1}.Release|Any CPU.ActiveCfg = Release|Any CPU
		{E75BFF9F-8F1B-4016-A9E7-39BBA60416F1}.Release|Any CPU.Build.0 = Release|Any CPU
		{6048B690-0DFB-4F39-8CC2-9485FFE18267}.Debug|Any CPU.ActiveCfg = Debug|Any CPU
		{6048B690-0DFB-4F39-8CC2-9485FFE18267}.Debug|Any CPU.Build.0 = Debug|Any CPU
		{6048B690-0DFB-4F39-8CC2-9485FFE18267}.Release|Any CPU.ActiveCfg = Release|Any CPU
		{6048B690-0DFB-4F39-8CC2-9485FFE18267}.Release|Any CPU.Build.0 = Release|Any CPU
	EndGlobalSection
	GlobalSection(SolutionProperties) = preSolution
		HideSolutionNode = FALSE
	EndGlobalSection
	GlobalSection(NestedProjects) = preSolution
		{9C85F54E-FFC7-4948-A84F-60CEA0857E69} = {FB0376EA-8385-4736-9659-FCED55A443E9}
		{94CF0502-ACD2-4C6E-9C72-AFD6985C7417} = {FB0376EA-8385-4736-9659-FCED55A443E9}
		{E75BFF9F-8F1B-4016-A9E7-39BBA60416F1} = {FB0376EA-8385-4736-9659-FCED55A443E9}
		{6048B690-0DFB-4F39-8CC2-9485FFE18267} = {DF2FC70C-D8CA-4F25-ABC8-48E49C2AF9BF}
	EndGlobalSection
	GlobalSection(ExtensibilityGlobals) = postSolution
		SolutionGuid = {FF9F8A82-275B-4417-B718-F5A2FD0D890F}
	EndGlobalSection
EndGlobal
